
Microsoft Visual Studio Solution File, Format Version 12.00
# Visual Studio Version 17
VisualStudioVersion = 17.0.31919.166
MinimumVisualStudioVersion = 10.0.40219.1
Project("{FAE04EC0-301F-11D3-BF4B-00C04F79EFBC}") = "SportStore_App", "SportStore_App\SportStore_App.csproj", "{00631051-7CF9-48F5-AC34-34336C708420}"
EndProject
Global
	GlobalSection(SolutionConfigurationPlatforms) = preSolution
		Debug|Any CPU = Debug|Any CPU
		Release|Any CPU = Release|Any CPU
	EndGlobalSection
	GlobalSection(ProjectConfigurationPlatforms) = postSolution
		{00631051-7CF9-48F5-AC34-34336C708420}.Debug|Any CPU.ActiveCfg = Debug|Any CPU
		{00631051-7CF9-48F5-AC34-34336C708420}.Debug|Any CPU.Build.0 = Debug|Any CPU
		{00631051-7CF9-48F5-AC34-34336C708420}.Release|Any CPU.ActiveCfg = Release|Any CPU
		{00631051-7CF9-48F5-AC34-34336C708420}.Release|Any CPU.Build.0 = Release|Any CPU
	EndGlobalSection
	GlobalSection(SolutionProperties) = preSolution
		HideSolutionNode = FALSE
	EndGlobalSection
	GlobalSection(ExtensibilityGlobals) = postSolution
		SolutionGuid = {55946034-4087-45CF-9923-4ECE78507ACF}
	EndGlobalSection
EndGlobal
